<?xml version="1.0" encoding="utf-8"?>
<Project ToolsVersion="4.0" xmlns="http://schemas.microsoft.com/developer/msbuild/2003">
  <ItemGroup>
    <ClCompile Include="src\main\Application.cpp">
      <Filter>src\main</Filter>
    </ClCompile>
    <ClCompile Include="src\component\Camera.cpp">
      <Filter>src\component</Filter>
    </ClCompile>
    <ClCompile Include="src\main\GameObject.cpp">
      <Filter>src\main</Filter>
    </ClCompile>
    <ClCompile Include="src\main\Main.cpp">
      <Filter>src\main</Filter>
    </ClCompile>
    <ClCompile Include="src\component\Material.cpp">
      <Filter>src\component</Filter>
    </ClCompile>
    <ClCompile Include="src\component\Mesh.cpp">
      <Filter>src\component</Filter>
    </ClCompile>
    <ClCompile Include="src\main\log.cpp">
      <Filter>src\main</Filter>
    </ClCompile>
    <ClCompile Include="src\module\ModuleCamera.cpp">
      <Filter>src\module</Filter>
    </ClCompile>
    <ClCompile Include="src\module\ModuleDebugDraw.cpp">
      <Filter>src\module</Filter>
    </ClCompile>
    <ClCompile Include="src\module\ModuleImGui.cpp">
      <Filter>src\module</Filter>
    </ClCompile>
    <ClCompile Include="src\module\ModuleInput.cpp">
      <Filter>src\module</Filter>
    </ClCompile>
    <ClCompile Include="src\module\ModuleModel.cpp">
      <Filter>src\module</Filter>
    </ClCompile>
    <ClCompile Include="src\module\ModuleProgram.cpp">
      <Filter>src\module</Filter>
    </ClCompile>
    <ClCompile Include="src\module\ModuleRender.cpp">
      <Filter>src\module</Filter>
    </ClCompile>
    <ClCompile Include="src\module\ModuleScene.cpp">
      <Filter>src\module</Filter>
    </ClCompile>
    <ClCompile Include="src\module\ModuleTexture.cpp">
      <Filter>src\module</Filter>
    </ClCompile>
    <ClCompile Include="src\module\ModuleWindow.cpp">
      <Filter>src\module</Filter>
    </ClCompile>
    <ClCompile Include="Libraries\imgui\imgui.cpp">
      <Filter>lib\imgui</Filter>
    </ClCompile>
    <ClCompile Include="Libraries\imgui\imgui_demo.cpp">
      <Filter>lib\imgui</Filter>
    </ClCompile>
    <ClCompile Include="Libraries\imgui\imgui_draw.cpp">
      <Filter>lib\imgui</Filter>
    </ClCompile>
    <ClCompile Include="Libraries\imgui\imgui_impl_opengl3.cpp">
      <Filter>lib\imgui</Filter>
    </ClCompile>
    <ClCompile Include="Libraries\imgui\imgui_impl_sdl.cpp">
      <Filter>lib\imgui</Filter>
    </ClCompile>
    <ClCompile Include="Libraries\imgui\imgui_widgets.cpp">
      <Filter>lib\imgui</Filter>
    </ClCompile>
    <ClCompile Include="src\component\Transform.cpp">
      <Filter>src\component</Filter>
    </ClCompile>
    <ClCompile Include="Libraries\MathGeoLib\include\Geometry\AABB.cpp">
      <Filter>lib\MathGeoLib</Filter>
    </ClCompile>
    <ClCompile Include="Libraries\MathGeoLib\include\Math\BitOps.cpp">
      <Filter>lib\MathGeoLib</Filter>
    </ClCompile>
    <ClCompile Include="Libraries\MathGeoLib\include\Geometry\Capsule.cpp">
      <Filter>lib\MathGeoLib</Filter>
    </ClCompile>
    <ClCompile Include="Libraries\MathGeoLib\include\Geometry\Circle.cpp">
      <Filter>lib\MathGeoLib</Filter>
    </ClCompile>
    <ClCompile Include="Libraries\MathGeoLib\include\Time\Clock.cpp">
      <Filter>lib\MathGeoLib</Filter>
    </ClCompile>
    <ClCompile Include="Libraries\MathGeoLib\include\Geometry\Cone.cpp">
      <Filter>lib\MathGeoLib</Filter>
    </ClCompile>
    <ClCompile Include="Libraries\MathGeoLib\include\Geometry\Cylinder.cpp">
      <Filter>lib\MathGeoLib</Filter>
    </ClCompile>
    <ClCompile Include="Libraries\MathGeoLib\include\Math\float2.cpp">
      <Filter>lib\MathGeoLib</Filter>
    </ClCompile>
    <ClCompile Include="Libraries\MathGeoLib\include\Math\float3.cpp">
      <Filter>lib\MathGeoLib</Filter>
    </ClCompile>
    <ClCompile Include="Libraries\MathGeoLib\include\Math\float3x3.cpp">
      <Filter>lib\MathGeoLib</Filter>
    </ClCompile>
    <ClCompile Include="Libraries\MathGeoLib\include\Math\float3x4.cpp">
      <Filter>lib\MathGeoLib</Filter>
    </ClCompile>
    <ClCompile Include="Libraries\MathGeoLib\include\Math\float4.cpp">
      <Filter>lib\MathGeoLib</Filter>
    </ClCompile>
    <ClCompile Include="Libraries\MathGeoLib\include\Math\float4x4.cpp">
      <Filter>lib\MathGeoLib</Filter>
    </ClCompile>
    <ClCompile Include="Libraries\MathGeoLib\include\Geometry\Frustum.cpp">
      <Filter>lib\MathGeoLib</Filter>
    </ClCompile>
    <ClCompile Include="Libraries\MathGeoLib\include\Algorithm\Random\LCG.cpp">
      <Filter>lib\MathGeoLib</Filter>
    </ClCompile>
    <ClCompile Include="Libraries\MathGeoLib\include\Geometry\Line.cpp">
      <Filter>lib\MathGeoLib</Filter>
    </ClCompile>
    <ClCompile Include="Libraries\MathGeoLib\include\Geometry\LineSegment.cpp">
      <Filter>lib\MathGeoLib</Filter>
    </ClCompile>
    <ClCompile Include="Libraries\MathGeoLib\include\Math\MathFunc.cpp">
      <Filter>lib\MathGeoLib</Filter>
    </ClCompile>
    <ClCompile Include="Libraries\MathGeoLib\include\Math\MathLog.cpp">
      <Filter>lib\MathGeoLib</Filter>
    </ClCompile>
    <ClCompile Include="Libraries\MathGeoLib\include\Math\MathOps.cpp">
      <Filter>lib\MathGeoLib</Filter>
    </ClCompile>
    <ClCompile Include="Libraries\MathGeoLib\include\Geometry\OBB.cpp">
      <Filter>lib\MathGeoLib</Filter>
    </ClCompile>
    <ClCompile Include="Libraries\MathGeoLib\include\Geometry\Plane.cpp">
      <Filter>lib\MathGeoLib</Filter>
    </ClCompile>
    <ClCompile Include="Libraries\MathGeoLib\include\Geometry\Polygon.cpp">
      <Filter>lib\MathGeoLib</Filter>
    </ClCompile>
    <ClCompile Include="Libraries\MathGeoLib\include\Geometry\Polyhedron.cpp">
      <Filter>lib\MathGeoLib</Filter>
    </ClCompile>
    <ClCompile Include="Libraries\MathGeoLib\include\Math\Polynomial.cpp">
      <Filter>lib\MathGeoLib</Filter>
    </ClCompile>
    <ClCompile Include="Libraries\MathGeoLib\include\Math\Quat.cpp">
      <Filter>lib\MathGeoLib</Filter>
    </ClCompile>
    <ClCompile Include="Libraries\MathGeoLib\include\Geometry\Ray.cpp">
      <Filter>lib\MathGeoLib</Filter>
    </ClCompile>
    <ClCompile Include="Libraries\MathGeoLib\include\Geometry\Sphere.cpp">
      <Filter>lib\MathGeoLib</Filter>
    </ClCompile>
    <ClCompile Include="Libraries\MathGeoLib\include\Math\SSEMath.cpp">
      <Filter>lib\MathGeoLib</Filter>
    </ClCompile>
    <ClCompile Include="Libraries\MathGeoLib\include\Math\TransformOps.cpp">
      <Filter>lib\MathGeoLib</Filter>
    </ClCompile>
    <ClCompile Include="Libraries\MathGeoLib\include\Geometry\Triangle.cpp">
      <Filter>lib\MathGeoLib</Filter>
    </ClCompile>
    <ClCompile Include="Libraries\MathGeoLib\include\Geometry\TriangleMesh.cpp">
      <Filter>lib\MathGeoLib</Filter>
    </ClCompile>
  </ItemGroup>
  <ItemGroup>
    <ClInclude Include="src\main\Application.h">
      <Filter>src\main</Filter>
    </ClInclude>
    <ClInclude Include="src\component\Camera.h">
      <Filter>src\component</Filter>
    </ClInclude>
    <ClInclude Include="src\main\GameObject.h">
      <Filter>src\main</Filter>
    </ClInclude>
    <ClInclude Include="src\main\Globals.h">
      <Filter>src\main</Filter>
    </ClInclude>
    <ClInclude Include="src\component\Material.h">
      <Filter>src\component</Filter>
    </ClInclude>
    <ClInclude Include="src\component\Mesh.h">
      <Filter>src\component</Filter>
    </ClInclude>
    <ClInclude Include="src\module\Module.h">
      <Filter>src\module</Filter>
    </ClInclude>
    <ClInclude Include="src\module\ModuleCamera.h">
      <Filter>src\module</Filter>
    </ClInclude>
    <ClInclude Include="src\module\ModuleDebugDraw.h">
      <Filter>src\module</Filter>
    </ClInclude>
    <ClInclude Include="src\module\ModuleImGui.h">
      <Filter>src\module</Filter>
    </ClInclude>
    <ClInclude Include="src\module\ModuleInput.h">
      <Filter>src\module</Filter>
    </ClInclude>
    <ClInclude Include="src\module\ModuleModel.h">
      <Filter>src\module</Filter>
    </ClInclude>
    <ClInclude Include="src\module\ModuleProgram.h">
      <Filter>src\module</Filter>
    </ClInclude>
    <ClInclude Include="src\module\ModuleRender.h">
      <Filter>src\module</Filter>
    </ClInclude>
    <ClInclude Include="src\module\ModuleScene.h">
      <Filter>src\module</Filter>
    </ClInclude>
    <ClInclude Include="src\module\ModuleTexture.h">
      <Filter>src\module</Filter>
    </ClInclude>
    <ClInclude Include="src\module\ModuleWindow.h">
      <Filter>src\module</Filter>
    </ClInclude>
    <ClInclude Include="src\component\Transform.h">
      <Filter>src\component</Filter>
    </ClInclude>
    <ClInclude Include="src\util\DebugDraw.h">
      <Filter>src\util</Filter>
    </ClInclude>
    <ClInclude Include="src\component\Component.h">
      <Filter>src\component</Filter>
    </ClInclude>
  </ItemGroup>
  <ItemGroup>
    <Filter Include="src">
      <UniqueIdentifier>{0e338329-4256-410d-85ef-2bf818b39402}</UniqueIdentifier>
    </Filter>
    <Filter Include="src\component">
      <UniqueIdentifier>{d14995e9-fd41-48e6-997f-4fe049116c0a}</UniqueIdentifier>
    </Filter>
    <Filter Include="src\main">
      <UniqueIdentifier>{11c9c510-a668-49d3-b950-48f16cc77d7b}</UniqueIdentifier>
    </Filter>
    <Filter Include="src\module">
      <UniqueIdentifier>{ec423b1e-6e27-44b0-b53b-4c39aa11a084}</UniqueIdentifier>
    </Filter>
    <Filter Include="lib">
      <UniqueIdentifier>{b6708fce-65a8-41e0-b12a-acd7a0ebeda1}</UniqueIdentifier>
    </Filter>
    <Filter Include="lib\imgui">
      <UniqueIdentifier>{b39cc3dd-1cac-4089-9b32-bcb50efa34a3}</UniqueIdentifier>
    </Filter>
    <Filter Include="lib\MathGeoLib">
      <UniqueIdentifier>{bce94379-21b6-46dc-8d14-3b8218c607f3}</UniqueIdentifier>
    </Filter>
    <Filter Include="src\util">
      <UniqueIdentifier>{4839044b-ba61-476a-b3da-444a760bfc53}</UniqueIdentifier>
    </Filter>
  </ItemGroup>
</Project>