<?xml version="1.0" encoding="utf-8"?>
<Project ToolsVersion="4.0" xmlns="http://schemas.microsoft.com/developer/msbuild/2003">
  <ItemGroup>
    <ClCompile Include="Libraries\MathGeoLib\include\Time\Clock.cpp">
      <Filter>lib\MathGeoLib</Filter>
    </ClCompile>
    <ClCompile Include="Libraries\MathGeoLib\include\Geometry\Cylinder.cpp">
      <Filter>lib\MathGeoLib</Filter>
    </ClCompile>
    <ClCompile Include="Libraries\MathGeoLib\include\Math\float2.cpp">
      <Filter>lib\MathGeoLib</Filter>
    </ClCompile>
    <ClCompile Include="Libraries\MathGeoLib\include\Math\MathLog.cpp">
      <Filter>lib\MathGeoLib</Filter>
    </ClCompile>
    <ClCompile Include="Libraries\MathGeoLib\include\Math\Quat.cpp">
      <Filter>lib\MathGeoLib</Filter>
    </ClCompile>
    <ClCompile Include="Libraries\MathGeoLib\include\Geometry\TriangleMesh.cpp">
      <Filter>lib\MathGeoLib</Filter>
    </ClCompile>
    <ClCompile Include="Libraries\MathGeoLib\include\Geometry\LineSegment.cpp">
      <Filter>lib\MathGeoLib</Filter>
    </ClCompile>
    <ClCompile Include="Libraries\MathGeoLib\include\Math\float3x4.cpp">
      <Filter>lib\MathGeoLib</Filter>
    </ClCompile>
    <ClCompile Include="Libraries\MathGeoLib\include\Math\BitOps.cpp">
      <Filter>lib\MathGeoLib</Filter>
    </ClCompile>
    <ClCompile Include="Libraries\MathGeoLib\include\Geometry\Polygon.cpp">
      <Filter>lib\MathGeoLib</Filter>
    </ClCompile>
    <ClCompile Include="Libraries\MathGeoLib\include\Math\float3.cpp">
      <Filter>lib\MathGeoLib</Filter>
    </ClCompile>
    <ClCompile Include="Libraries\MathGeoLib\include\Math\float4.cpp">
      <Filter>lib\MathGeoLib</Filter>
    </ClCompile>
    <ClCompile Include="Libraries\MathGeoLib\include\Geometry\Plane.cpp">
      <Filter>lib\MathGeoLib</Filter>
    </ClCompile>
    <ClCompile Include="Libraries\MathGeoLib\include\Geometry\Circle.cpp">
      <Filter>lib\MathGeoLib</Filter>
    </ClCompile>
    <ClCompile Include="Libraries\MathGeoLib\include\Math\float4x4.cpp">
      <Filter>lib\MathGeoLib</Filter>
    </ClCompile>
    <ClCompile Include="Libraries\MathGeoLib\include\Geometry\Triangle.cpp">
      <Filter>lib\MathGeoLib</Filter>
    </ClCompile>
    <ClCompile Include="Libraries\MathGeoLib\include\Geometry\Capsule.cpp">
      <Filter>lib\MathGeoLib</Filter>
    </ClCompile>
    <ClCompile Include="Libraries\MathGeoLib\include\Geometry\Cone.cpp">
      <Filter>lib\MathGeoLib</Filter>
    </ClCompile>
    <ClCompile Include="Libraries\MathGeoLib\include\Math\float3x3.cpp">
      <Filter>lib\MathGeoLib</Filter>
    </ClCompile>
    <ClCompile Include="Libraries\MathGeoLib\include\Geometry\Ray.cpp">
      <Filter>lib\MathGeoLib</Filter>
    </ClCompile>
    <ClCompile Include="Libraries\MathGeoLib\include\Geometry\Sphere.cpp">
      <Filter>lib\MathGeoLib</Filter>
    </ClCompile>
    <ClCompile Include="Libraries\MathGeoLib\include\Math\TransformOps.cpp">
      <Filter>lib\MathGeoLib</Filter>
    </ClCompile>
    <ClCompile Include="Libraries\MathGeoLib\include\Math\Polynomial.cpp">
      <Filter>lib\MathGeoLib</Filter>
    </ClCompile>
    <ClCompile Include="Libraries\MathGeoLib\include\Geometry\Polyhedron.cpp">
      <Filter>lib\MathGeoLib</Filter>
    </ClCompile>
    <ClCompile Include="Libraries\MathGeoLib\include\Math\MathFunc.cpp">
      <Filter>lib\MathGeoLib</Filter>
    </ClCompile>
    <ClCompile Include="Libraries\MathGeoLib\include\Math\SSEMath.cpp">
      <Filter>lib\MathGeoLib</Filter>
    </ClCompile>
    <ClCompile Include="Libraries\MathGeoLib\include\Math\MathOps.cpp">
      <Filter>lib\MathGeoLib</Filter>
    </ClCompile>
    <ClCompile Include="Libraries\MathGeoLib\include\Geometry\AABB.cpp">
      <Filter>lib\MathGeoLib</Filter>
    </ClCompile>
    <ClCompile Include="Libraries\MathGeoLib\include\Algorithm\Random\LCG.cpp">
      <Filter>lib\MathGeoLib</Filter>
    </ClCompile>
    <ClCompile Include="Libraries\MathGeoLib\include\Geometry\Line.cpp">
      <Filter>lib\MathGeoLib</Filter>
    </ClCompile>
    <ClCompile Include="Libraries\MathGeoLib\include\Geometry\Frustum.cpp">
      <Filter>lib\MathGeoLib</Filter>
    </ClCompile>
    <ClCompile Include="Libraries\MathGeoLib\include\Geometry\OBB.cpp">
      <Filter>lib\MathGeoLib</Filter>
    </ClCompile>
    <ClCompile Include="Libraries\imgui\imgui.cpp">
      <Filter>lib\imgui</Filter>
    </ClCompile>
    <ClCompile Include="Libraries\imgui\imgui_demo.cpp">
      <Filter>lib\imgui</Filter>
    </ClCompile>
    <ClCompile Include="Libraries\imgui\imgui_draw.cpp">
      <Filter>lib\imgui</Filter>
    </ClCompile>
    <ClCompile Include="Libraries\imgui\imgui_widgets.cpp">
      <Filter>lib\imgui</Filter>
    </ClCompile>
    <ClCompile Include="Libraries\imgui\imgui_impl_opengl3.cpp">
      <Filter>lib\imgui</Filter>
    </ClCompile>
    <ClCompile Include="Libraries\imgui\imgui_impl_sdl.cpp">
      <Filter>lib\imgui</Filter>
    </ClCompile>
    <ClCompile Include="src\module\ModuleScene.cpp">
      <Filter>src\modules</Filter>
    </ClCompile>
    <ClCompile Include="src\module\ModuleTexture.cpp">
      <Filter>src\modules</Filter>
    </ClCompile>
    <ClCompile Include="src\module\ModuleWindow.cpp">
      <Filter>src\modules</Filter>
    </ClCompile>
    <ClCompile Include="src\module\ModuleCamera.cpp">
      <Filter>src\modules</Filter>
    </ClCompile>
    <ClCompile Include="src\module\ModuleImGui.cpp">
      <Filter>src\modules</Filter>
    </ClCompile>
    <ClCompile Include="src\module\ModuleInput.cpp">
      <Filter>src\modules</Filter>
    </ClCompile>
    <ClCompile Include="src\module\ModuleModel.cpp">
      <Filter>src\modules</Filter>
    </ClCompile>
    <ClCompile Include="src\module\ModuleProgram.cpp">
      <Filter>src\modules</Filter>
    </ClCompile>
    <ClCompile Include="src\module\ModuleRender.cpp">
      <Filter>src\modules</Filter>
    </ClCompile>
    <ClCompile Include="src\main\Main.cpp">
      <Filter>src\main</Filter>
    </ClCompile>
    <ClCompile Include="src\main\Application.cpp">
      <Filter>src\main</Filter>
    </ClCompile>
    <ClCompile Include="src\main\log.cpp">
      <Filter>src\main</Filter>
    </ClCompile>
    <ClCompile Include="src\main\GameObject.cpp">
      <Filter>src\main</Filter>
    </ClCompile>
    <ClCompile Include="src\component\Mesh.cpp">
      <Filter>src\components</Filter>
    </ClCompile>
    <ClCompile Include="src\component\Transform.cpp">
      <Filter>src\components</Filter>
    </ClCompile>
    <ClCompile Include="src\component\Material.cpp">
      <Filter>src\components</Filter>
    </ClCompile>
    <ClCompile Include="src\module\ModuleDebugDraw.cpp">
      <Filter>src\modules</Filter>
    </ClCompile>
  </ItemGroup>
  <ItemGroup>
    <ClInclude Include="src\module\ModuleRender.h">
      <Filter>src\modules</Filter>
    </ClInclude>
    <ClInclude Include="src\module\ModuleScene.h">
      <Filter>src\modules</Filter>
    </ClInclude>
    <ClInclude Include="src\module\ModuleTexture.h">
      <Filter>src\modules</Filter>
    </ClInclude>
    <ClInclude Include="src\module\ModuleWindow.h">
      <Filter>src\modules</Filter>
    </ClInclude>
    <ClInclude Include="src\module\Module.h">
      <Filter>src\modules</Filter>
    </ClInclude>
    <ClInclude Include="src\module\ModuleCamera.h">
      <Filter>src\modules</Filter>
    </ClInclude>
    <ClInclude Include="src\module\ModuleImGui.h">
      <Filter>src\modules</Filter>
    </ClInclude>
    <ClInclude Include="src\module\ModuleInput.h">
      <Filter>src\modules</Filter>
    </ClInclude>
    <ClInclude Include="src\module\ModuleModel.h">
      <Filter>src\modules</Filter>
    </ClInclude>
    <ClInclude Include="src\module\ModuleProgram.h">
      <Filter>src\modules</Filter>
    </ClInclude>
    <ClInclude Include="src\main\Application.h">
      <Filter>src\main</Filter>
    </ClInclude>
    <ClInclude Include="src\main\Globals.h">
      <Filter>src\main</Filter>
    </ClInclude>
    <ClInclude Include="src\component\Component.h">
      <Filter>src\components</Filter>
    </ClInclude>
    <ClInclude Include="src\main\GameObject.h">
      <Filter>src\main</Filter>
    </ClInclude>
    <ClInclude Include="src\component\Mesh.h">
      <Filter>src\components</Filter>
    </ClInclude>
    <ClInclude Include="src\component\Transform.h">
      <Filter>src\components</Filter>
    </ClInclude>
    <ClInclude Include="src\component\Material.h">
      <Filter>src\components</Filter>
    </ClInclude>
    <ClInclude Include="src\module\ModuleDebugDraw.h">
      <Filter>src\modules</Filter>
    </ClInclude>
  </ItemGroup>
  <ItemGroup>
    <Filter Include="src">
      <UniqueIdentifier>{6df8af0c-1bd0-4029-b8d0-6c6adedc3243}</UniqueIdentifier>
    </Filter>
    <Filter Include="lib">
      <UniqueIdentifier>{8865d6cd-b44a-400b-bbf7-7937ad65f1e7}</UniqueIdentifier>
    </Filter>
    <Filter Include="lib\imgui">
      <UniqueIdentifier>{f6038d14-0510-4b24-8e78-91632b0d20d9}</UniqueIdentifier>
    </Filter>
    <Filter Include="lib\MathGeoLib">
      <UniqueIdentifier>{7796837e-200b-48d1-b1e9-f3924139ef89}</UniqueIdentifier>
    </Filter>
    <Filter Include="src\main">
      <UniqueIdentifier>{745e1615-c720-4de8-ba18-b32f50dc1a3c}</UniqueIdentifier>
    </Filter>
    <Filter Include="src\modules">
      <UniqueIdentifier>{2d0ab63f-59e9-47db-9729-0a622b74cec8}</UniqueIdentifier>
    </Filter>
    <Filter Include="src\components">
      <UniqueIdentifier>{0371d8c3-46fe-4bb2-90eb-45e61865b055}</UniqueIdentifier>
    </Filter>
  </ItemGroup>
  <ItemGroup>
    <None Include="Libraries\MathGeoLib\include\Geometry\TriangleMesh_IntersectRay_CPP.inl">
      <Filter>lib\MathGeoLib</Filter>
    </None>
  </ItemGroup>
</Project>