<?xml version="1.0" encoding="utf-8"?>
<Project ToolsVersion="4.0" xmlns="http://schemas.microsoft.com/developer/msbuild/2003">
  <ItemGroup>
    <ClCompile Include="src\main\Application.cpp">
      <Filter>src\main</Filter>
    </ClCompile>
    <ClCompile Include="src\component\Camera.cpp">
      <Filter>src\components</Filter>
    </ClCompile>
    <ClCompile Include="src\main\GameObject.cpp">
      <Filter>src\main</Filter>
    </ClCompile>
    <ClCompile Include="include\imgui\imgui.cpp">
      <Filter>lib\imgui</Filter>
    </ClCompile>
    <ClCompile Include="include\imgui\imgui_demo.cpp">
      <Filter>lib\imgui</Filter>
    </ClCompile>
    <ClCompile Include="include\imgui\imgui_draw.cpp">
      <Filter>lib\imgui</Filter>
    </ClCompile>
    <ClCompile Include="include\imgui\imgui_impl_opengl3.cpp">
      <Filter>lib\imgui</Filter>
    </ClCompile>
    <ClCompile Include="include\imgui\imgui_impl_sdl.cpp">
      <Filter>lib\imgui</Filter>
    </ClCompile>
    <ClCompile Include="include\imgui\imgui_stdlib.cpp">
      <Filter>lib\imgui</Filter>
    </ClCompile>
    <ClCompile Include="include\imgui\imgui_widgets.cpp">
      <Filter>lib\imgui</Filter>
    </ClCompile>
    <ClCompile Include="src\util\MaterialImporter.cpp">
      <Filter>src\util</Filter>
    </ClCompile>
    <ClCompile Include="src\util\MeshImporter.cpp">
      <Filter>src\util</Filter>
    </ClCompile>
    <ClCompile Include="src\component\Mesh.cpp">
      <Filter>src\components</Filter>
    </ClCompile>
    <ClCompile Include="src\component\Material.cpp">
      <Filter>src\components</Filter>
    </ClCompile>
    <ClCompile Include="src\main\log.cpp">
      <Filter>src\main</Filter>
    </ClCompile>
    <ClCompile Include="src\main\Main.cpp">
      <Filter>src\main</Filter>
    </ClCompile>
    <ClCompile Include="src\module\ModuleCamera.cpp">
      <Filter>src\modules</Filter>
    </ClCompile>
    <ClCompile Include="src\module\ModuleDebugDraw.cpp">
      <Filter>src\modules</Filter>
    </ClCompile>
    <ClCompile Include="src\module\ModuleImGui.cpp">
      <Filter>src\modules</Filter>
    </ClCompile>
    <ClCompile Include="src\module\ModuleInput.cpp">
      <Filter>src\modules</Filter>
    </ClCompile>
    <ClCompile Include="src\module\ModuleModel.cpp">
      <Filter>src\modules</Filter>
    </ClCompile>
    <ClCompile Include="src\module\ModuleProgram.cpp">
      <Filter>src\modules</Filter>
    </ClCompile>
    <ClCompile Include="src\module\ModuleRender.cpp">
      <Filter>src\modules</Filter>
    </ClCompile>
    <ClCompile Include="src\module\ModuleScene.cpp">
      <Filter>src\modules</Filter>
    </ClCompile>
    <ClCompile Include="src\module\ModuleTexture.cpp">
      <Filter>src\modules</Filter>
    </ClCompile>
    <ClCompile Include="src\module\ModuleWindow.cpp">
      <Filter>src\modules</Filter>
    </ClCompile>
    <ClCompile Include="src\component\Transform.cpp">
      <Filter>src\components</Filter>
    </ClCompile>
    <ClCompile Include="include\ImGuizmo\ImCurveEdit.cpp">
      <Filter>lib\ImGuizmo</Filter>
    </ClCompile>
    <ClCompile Include="include\ImGuizmo\ImGradient.cpp">
      <Filter>lib\ImGuizmo</Filter>
    </ClCompile>
    <ClCompile Include="include\ImGuizmo\ImGuizmo.cpp">
      <Filter>lib\ImGuizmo</Filter>
    </ClCompile>
    <ClCompile Include="include\ImGuizmo\ImSequencer.cpp">
      <Filter>lib\ImGuizmo</Filter>
    </ClCompile>
    <ClCompile Include="include\MathGeoLib\Geometry\AABB.cpp">
      <Filter>lib\MathGeoLib</Filter>
    </ClCompile>
    <ClCompile Include="include\MathGeoLib\Math\BitOps.cpp">
      <Filter>lib\MathGeoLib</Filter>
    </ClCompile>
    <ClCompile Include="include\MathGeoLib\Geometry\Capsule.cpp">
      <Filter>lib\MathGeoLib</Filter>
    </ClCompile>
    <ClCompile Include="include\MathGeoLib\Geometry\Circle.cpp">
      <Filter>lib\MathGeoLib</Filter>
    </ClCompile>
    <ClCompile Include="include\MathGeoLib\Time\Clock.cpp">
      <Filter>lib\MathGeoLib</Filter>
    </ClCompile>
    <ClCompile Include="include\MathGeoLib\Geometry\Cone.cpp">
      <Filter>lib\MathGeoLib</Filter>
    </ClCompile>
    <ClCompile Include="include\MathGeoLib\Geometry\Cylinder.cpp">
      <Filter>lib\MathGeoLib</Filter>
    </ClCompile>
    <ClCompile Include="include\MathGeoLib\Math\float2.cpp">
      <Filter>lib\MathGeoLib</Filter>
    </ClCompile>
    <ClCompile Include="include\MathGeoLib\Math\float3.cpp">
      <Filter>lib\MathGeoLib</Filter>
    </ClCompile>
    <ClCompile Include="include\MathGeoLib\Math\float3x3.cpp">
      <Filter>lib\MathGeoLib</Filter>
    </ClCompile>
    <ClCompile Include="include\MathGeoLib\Math\float3x4.cpp">
      <Filter>lib\MathGeoLib</Filter>
    </ClCompile>
    <ClCompile Include="include\MathGeoLib\Math\float4.cpp">
      <Filter>lib\MathGeoLib</Filter>
    </ClCompile>
    <ClCompile Include="include\MathGeoLib\Math\float4x4.cpp">
      <Filter>lib\MathGeoLib</Filter>
    </ClCompile>
    <ClCompile Include="include\MathGeoLib\Geometry\Frustum.cpp">
      <Filter>lib\MathGeoLib</Filter>
    </ClCompile>
    <ClCompile Include="include\MathGeoLib\Algorithm\Random\LCG.cpp">
      <Filter>lib\MathGeoLib</Filter>
    </ClCompile>
    <ClCompile Include="include\MathGeoLib\Geometry\Line.cpp">
      <Filter>lib\MathGeoLib</Filter>
    </ClCompile>
    <ClCompile Include="include\MathGeoLib\Geometry\LineSegment.cpp">
      <Filter>lib\MathGeoLib</Filter>
    </ClCompile>
    <ClCompile Include="include\MathGeoLib\Math\MathFunc.cpp">
      <Filter>lib\MathGeoLib</Filter>
    </ClCompile>
    <ClCompile Include="include\MathGeoLib\Math\MathLog.cpp">
      <Filter>lib\MathGeoLib</Filter>
    </ClCompile>
    <ClCompile Include="include\MathGeoLib\Math\MathOps.cpp">
      <Filter>lib\MathGeoLib</Filter>
    </ClCompile>
    <ClCompile Include="include\MathGeoLib\Geometry\OBB.cpp">
      <Filter>lib\MathGeoLib</Filter>
    </ClCompile>
    <ClCompile Include="include\MathGeoLib\Geometry\Plane.cpp">
      <Filter>lib\MathGeoLib</Filter>
    </ClCompile>
    <ClCompile Include="include\MathGeoLib\Geometry\Polygon.cpp">
      <Filter>lib\MathGeoLib</Filter>
    </ClCompile>
    <ClCompile Include="include\MathGeoLib\Geometry\Polyhedron.cpp">
      <Filter>lib\MathGeoLib</Filter>
    </ClCompile>
    <ClCompile Include="include\MathGeoLib\Math\Polynomial.cpp">
      <Filter>lib\MathGeoLib</Filter>
    </ClCompile>
    <ClCompile Include="include\MathGeoLib\Math\Quat.cpp">
      <Filter>lib\MathGeoLib</Filter>
    </ClCompile>
    <ClCompile Include="include\MathGeoLib\Geometry\Ray.cpp">
      <Filter>lib\MathGeoLib</Filter>
    </ClCompile>
    <ClCompile Include="include\MathGeoLib\Geometry\Sphere.cpp">
      <Filter>lib\MathGeoLib</Filter>
    </ClCompile>
    <ClCompile Include="include\MathGeoLib\Math\SSEMath.cpp">
      <Filter>lib\MathGeoLib</Filter>
    </ClCompile>
    <ClCompile Include="include\MathGeoLib\Math\TransformOps.cpp">
      <Filter>lib\MathGeoLib</Filter>
    </ClCompile>
    <ClCompile Include="include\MathGeoLib\Geometry\Triangle.cpp">
      <Filter>lib\MathGeoLib</Filter>
    </ClCompile>
    <ClCompile Include="include\MathGeoLib\Geometry\TriangleMesh.cpp">
      <Filter>lib\MathGeoLib</Filter>
    </ClCompile>
    <ClCompile Include="src\module\ModuleFileSystem.cpp">
      <Filter>src\modules</Filter>
    </ClCompile>
    <ClCompile Include="src\util\microSTimer.cpp" />
    <ClCompile Include="src\module\ModuleTimer.cpp" />
    <ClCompile Include="src\util\Timer.cpp" />
    <ClCompile Include="src\util\AABBTree.cpp">
      <Filter>src\util</Filter>
    </ClCompile>
  </ItemGroup>
  <ItemGroup>
    <ClInclude Include="src\main\Application.h">
      <Filter>src\main</Filter>
    </ClInclude>
    <ClInclude Include="src\component\Camera.h">
      <Filter>src\components</Filter>
    </ClInclude>
    <ClInclude Include="src\component\Component.h">
      <Filter>src\components</Filter>
    </ClInclude>
    <ClInclude Include="src\util\DebugDraw.h">
      <Filter>src\util</Filter>
    </ClInclude>
    <ClInclude Include="src\main\GameObject.h">
      <Filter>src\main</Filter>
    </ClInclude>
    <ClInclude Include="src\main\Globals.h">
      <Filter>src\main</Filter>
    </ClInclude>
    <ClInclude Include="src\util\Importer.h">
      <Filter>src\util</Filter>
    </ClInclude>
    <ClInclude Include="src\util\MaterialImporter.h">
      <Filter>src\util</Filter>
    </ClInclude>
    <ClInclude Include="src\util\MeshImporter.h">
      <Filter>src\util</Filter>
    </ClInclude>
    <ClInclude Include="src\component\Mesh.h">
      <Filter>src\components</Filter>
    </ClInclude>
    <ClInclude Include="src\component\Material.h">
      <Filter>src\components</Filter>
    </ClInclude>
    <ClInclude Include="src\module\Module.h">
      <Filter>src\modules</Filter>
    </ClInclude>
    <ClInclude Include="src\module\ModuleCamera.h">
      <Filter>src\modules</Filter>
    </ClInclude>
    <ClInclude Include="src\module\ModuleDebugDraw.h">
      <Filter>src\modules</Filter>
    </ClInclude>
    <ClInclude Include="src\module\ModuleImGui.h">
      <Filter>src\modules</Filter>
    </ClInclude>
    <ClInclude Include="src\module\ModuleInput.h">
      <Filter>src\modules</Filter>
    </ClInclude>
    <ClInclude Include="src\module\ModuleModel.h">
      <Filter>src\modules</Filter>
    </ClInclude>
    <ClInclude Include="src\module\ModuleProgram.h">
      <Filter>src\modules</Filter>
    </ClInclude>
    <ClInclude Include="src\module\ModuleRender.h">
      <Filter>src\modules</Filter>
    </ClInclude>
    <ClInclude Include="src\module\ModuleScene.h">
      <Filter>src\modules</Filter>
    </ClInclude>
    <ClInclude Include="src\module\ModuleTexture.h">
      <Filter>src\modules</Filter>
    </ClInclude>
    <ClInclude Include="src\module\ModuleWindow.h">
      <Filter>src\modules</Filter>
    </ClInclude>
    <ClInclude Include="src\component\Transform.h">
      <Filter>src\components</Filter>
    </ClInclude>
    <ClInclude Include="src\module\ModuleFileSystem.h">
      <Filter>src\modules</Filter>
    </ClInclude>
    <ClInclude Include="src\util\microSTimer.h" />
    <ClInclude Include="src\module\ModuleTimer.h" />
    <ClInclude Include="src\util\Timer.h" />
    <ClInclude Include="src\util\AABBTree.h">
      <Filter>src\util</Filter>
    </ClInclude>
  </ItemGroup>
  <ItemGroup>
    <Filter Include="lib">
      <UniqueIdentifier>{da115bdb-0f89-4010-8936-cdb38eaac57a}</UniqueIdentifier>
    </Filter>
    <Filter Include="src">
      <UniqueIdentifier>{a696ed7b-b948-44bd-af1d-df88936125a5}</UniqueIdentifier>
    </Filter>
    <Filter Include="src\components">
      <UniqueIdentifier>{47b9e28f-16dd-4c9f-83f3-133f04906d07}</UniqueIdentifier>
    </Filter>
    <Filter Include="src\main">
      <UniqueIdentifier>{60e898de-0493-4976-ac41-9087c091caeb}</UniqueIdentifier>
    </Filter>
    <Filter Include="src\modules">
      <UniqueIdentifier>{9386ad6b-23a1-47f8-bdfa-db5b1583b5f0}</UniqueIdentifier>
    </Filter>
    <Filter Include="src\util">
      <UniqueIdentifier>{c471cd7e-b47a-4d6d-8cb2-448ed5a47236}</UniqueIdentifier>
    </Filter>
    <Filter Include="lib\imgui">
      <UniqueIdentifier>{c8980f93-cf64-4e7d-9c51-63c0670a04a5}</UniqueIdentifier>
    </Filter>
    <Filter Include="lib\ImGuizmo">
      <UniqueIdentifier>{cfbb4d4b-d6fb-4c05-bb75-c08025152ad6}</UniqueIdentifier>
    </Filter>
    <Filter Include="lib\MathGeoLib">
      <UniqueIdentifier>{04ddf08c-3338-4afc-b7b1-33aac0beb382}</UniqueIdentifier>
    </Filter>
  </ItemGroup>
</Project>